{
  "object": {
    "pins": [
      {
        "package": "swift-mqtt",
        "repositoryURL": "https://github.com/matsune/swift-mqtt",
        "state": {
          "branch": null,
          "revision": "c0a21bc899bfa5b81f6bf5cd01a4b35d7f43ba70",
          "version": "1.0.0"
        }
      },
      {
        "package": "swift-nio",
        "repositoryURL": "https://github.com/apple/swift-nio.git",
        "state": {
          "branch": null,
          "revision": "d161bf658780b209c185994528e7e24376cf7283",
          "version": "2.29.0"
        }
      },
      {
        "package": "swift-nio-ssl",
        "repositoryURL": "https://github.com/apple/swift-nio-ssl.git",
        "state": {
          "branch": null,
          "revision": "6363cdf6d2fb863e82434f3c4618f4e896e37569",
          "version": "2.13.1"
        }
      },
      {
        "package": "SwiftSoup",
        "repositoryURL": "https://github.com/scinfu/SwiftSoup",
        "state": {
          "branch": null,
          "revision": "774dc9c7213085db8aa59595e27c1cd22e428904",
          "version": "2.3.2"
        }
      }
    ]
  },
  "version": 1
}
